
Microsoft Visual Studio Solution File, Format Version 12.00
# Visual Studio Version 16
VisualStudioVersion = 16.0.30804.86
MinimumVisualStudioVersion = 10.0.40219.1
Project("{2150E333-8FDC-42A3-9474-1A3956D46DE8}") = "1.单元测试基础", "1.单元测试基础", "{92CF1E70-2ED0-45F1-AA47-43D867F446A2}"
EndProject
Project("{2150E333-8FDC-42A3-9474-1A3956D46DE8}") = "2.破除依赖-存根", "2.破除依赖-存根", "{BDEFB425-92EE-4F0F-B94B-E9B0E86584B5}"
EndProject
Project("{2150E333-8FDC-42A3-9474-1A3956D46DE8}") = "3.交互测试-模拟对象", "3.交互测试-模拟对象", "{BDD6A8AD-9E3B-4569-B22A-C3E790B30106}"
EndProject
Project("{2150E333-8FDC-42A3-9474-1A3956D46DE8}") = "4.隔离（模拟）框架", "4.隔离（模拟）框架", "{08EF9135-9E75-49BC-8F21-E8F68B2321AC}"
EndProject
Project("{9A19103F-16F7-4668-BE54-9A1E7A4F7556}") = "LogAn", "Chapter1\LogAn\LogAn.csproj", "{3A07FD64-E03B-4B1D-B411-5C871376E927}"
EndProject
Project("{9A19103F-16F7-4668-BE54-9A1E7A4F7556}") = "LogAn", "Chapter2\LogAn\LogAn.csproj", "{A98F8F81-5DCF-40E0-BC19-A3CF6C8AB448}"
EndProject
Project("{9A19103F-16F7-4668-BE54-9A1E7A4F7556}") = "LogAn.Tests.Integration", "Chapter1\LogAn.Tests.Integration\LogAn.Tests.Integration.csproj", "{ABBCBCC7-8ABC-4003-B79E-E94F8182A108}"
EndProject
Project("{9A19103F-16F7-4668-BE54-9A1E7A4F7556}") = "LogAn.Tests.Unit", "Chapter1\LogAn.Tests.Unit\LogAn.Tests.Unit.csproj", "{EA657E1B-B42F-49C1-BC4A-87AF92A1A85A}"
EndProject
Project("{9A19103F-16F7-4668-BE54-9A1E7A4F7556}") = "LogAn.Tests.Unit", "Chapter2\LogAn.Tests.Unit\LogAn.Tests.Unit.csproj", "{523AFD60-5E18-4265-908A-FD08D84A9DAA}"
EndProject
Project("{9A19103F-16F7-4668-BE54-9A1E7A4F7556}") = "LogAn", "Chapter3\LogAn\LogAn.csproj", "{A1AE7DA0-E4B5-4F56-AE7F-B82FA7FA7CB0}"
EndProject
Project("{9A19103F-16F7-4668-BE54-9A1E7A4F7556}") = "LogAn.Tests.Unit", "Chapter3\LogAn.Tests.Unit\LogAn.Tests.Unit.csproj", "{895F61DE-6B77-4F1C-9D40-3C20FA7E20F2}"
EndProject
Project("{9A19103F-16F7-4668-BE54-9A1E7A4F7556}") = "LogAn", "Chapter4\LogAn\LogAn.csproj", "{407FA2E5-C2A5-483E-8D4F-D2A5342F769F}"
EndProject
Project("{9A19103F-16F7-4668-BE54-9A1E7A4F7556}") = "LogAn.Tests.Unit", "Chapter4\LogAn.Tests.Unit\LogAn.Tests.Unit.csproj", "{63D32C3B-069D-4EF3-9EA0-76E7FF95F0D1}"
EndProject
Global
	GlobalSection(SolutionConfigurationPlatforms) = preSolution
		Debug|Any CPU = Debug|Any CPU
		Release|Any CPU = Release|Any CPU
	EndGlobalSection
	GlobalSection(ProjectConfigurationPlatforms) = postSolution
		{3A07FD64-E03B-4B1D-B411-5C871376E927}.Debug|Any CPU.ActiveCfg = Debug|Any CPU
		{3A07FD64-E03B-4B1D-B411-5C871376E927}.Debug|Any CPU.Build.0 = Debug|Any CPU
		{3A07FD64-E03B-4B1D-B411-5C871376E927}.Release|Any CPU.ActiveCfg = Release|Any CPU
		{3A07FD64-E03B-4B1D-B411-5C871376E927}.Release|Any CPU.Build.0 = Release|Any CPU
		{A98F8F81-5DCF-40E0-BC19-A3CF6C8AB448}.Debug|Any CPU.ActiveCfg = Debug|Any CPU
		{A98F8F81-5DCF-40E0-BC19-A3CF6C8AB448}.Debug|Any CPU.Build.0 = Debug|Any CPU
		{A98F8F81-5DCF-40E0-BC19-A3CF6C8AB448}.Release|Any CPU.ActiveCfg = Release|Any CPU
		{A98F8F81-5DCF-40E0-BC19-A3CF6C8AB448}.Release|Any CPU.Build.0 = Release|Any CPU
		{ABBCBCC7-8ABC-4003-B79E-E94F8182A108}.Debug|Any CPU.ActiveCfg = Debug|Any CPU
		{ABBCBCC7-8ABC-4003-B79E-E94F8182A108}.Debug|Any CPU.Build.0 = Debug|Any CPU
		{ABBCBCC7-8ABC-4003-B79E-E94F8182A108}.Release|Any CPU.ActiveCfg = Release|Any CPU
		{ABBCBCC7-8ABC-4003-B79E-E94F8182A108}.Release|Any CPU.Build.0 = Release|Any CPU
		{EA657E1B-B42F-49C1-BC4A-87AF92A1A85A}.Debug|Any CPU.ActiveCfg = Debug|Any CPU
		{EA657E1B-B42F-49C1-BC4A-87AF92A1A85A}.Debug|Any CPU.Build.0 = Debug|Any CPU
		{EA657E1B-B42F-49C1-BC4A-87AF92A1A85A}.Release|Any CPU.ActiveCfg = Release|Any CPU
		{EA657E1B-B42F-49C1-BC4A-87AF92A1A85A}.Release|Any CPU.Build.0 = Release|Any CPU
		{523AFD60-5E18-4265-908A-FD08D84A9DAA}.Debug|Any CPU.ActiveCfg = Debug|Any CPU
		{523AFD60-5E18-4265-908A-FD08D84A9DAA}.Debug|Any CPU.Build.0 = Debug|Any CPU
		{523AFD60-5E18-4265-908A-FD08D84A9DAA}.Release|Any CPU.ActiveCfg = Release|Any CPU
		{523AFD60-5E18-4265-908A-FD08D84A9DAA}.Release|Any CPU.Build.0 = Release|Any CPU
		{A1AE7DA0-E4B5-4F56-AE7F-B82FA7FA7CB0}.Debug|Any CPU.ActiveCfg = Debug|Any CPU
		{A1AE7DA0-E4B5-4F56-AE7F-B82FA7FA7CB0}.Debug|Any CPU.Build.0 = Debug|Any CPU
		{A1AE7DA0-E4B5-4F56-AE7F-B82FA7FA7CB0}.Release|Any CPU.ActiveCfg = Release|Any CPU
		{A1AE7DA0-E4B5-4F56-AE7F-B82FA7FA7CB0}.Release|Any CPU.Build.0 = Release|Any CPU
		{895F61DE-6B77-4F1C-9D40-3C20FA7E20F2}.Debug|Any CPU.ActiveCfg = Debug|Any CPU
		{895F61DE-6B77-4F1C-9D40-3C20FA7E20F2}.Debug|Any CPU.Build.0 = Debug|Any CPU
		{895F61DE-6B77-4F1C-9D40-3C20FA7E20F2}.Release|Any CPU.ActiveCfg = Release|Any CPU
		{895F61DE-6B77-4F1C-9D40-3C20FA7E20F2}.Release|Any CPU.Build.0 = Release|Any CPU
		{407FA2E5-C2A5-483E-8D4F-D2A5342F769F}.Debug|Any CPU.ActiveCfg = Debug|Any CPU
		{407FA2E5-C2A5-483E-8D4F-D2A5342F769F}.Debug|Any CPU.Build.0 = Debug|Any CPU
		{407FA2E5-C2A5-483E-8D4F-D2A5342F769F}.Release|Any CPU.ActiveCfg = Release|Any CPU
		{407FA2E5-C2A5-483E-8D4F-D2A5342F769F}.Release|Any CPU.Build.0 = Release|Any CPU
		{63D32C3B-069D-4EF3-9EA0-76E7FF95F0D1}.Debug|Any CPU.ActiveCfg = Debug|Any CPU
		{63D32C3B-069D-4EF3-9EA0-76E7FF95F0D1}.Debug|Any CPU.Build.0 = Debug|Any CPU
		{63D32C3B-069D-4EF3-9EA0-76E7FF95F0D1}.Release|Any CPU.ActiveCfg = Release|Any CPU
		{63D32C3B-069D-4EF3-9EA0-76E7FF95F0D1}.Release|Any CPU.Build.0 = Release|Any CPU
	EndGlobalSection
	GlobalSection(SolutionProperties) = preSolution
		HideSolutionNode = FALSE
	EndGlobalSection
	GlobalSection(NestedProjects) = preSolution
		{3A07FD64-E03B-4B1D-B411-5C871376E927} = {92CF1E70-2ED0-45F1-AA47-43D867F446A2}
		{A98F8F81-5DCF-40E0-BC19-A3CF6C8AB448} = {BDEFB425-92EE-4F0F-B94B-E9B0E86584B5}
		{ABBCBCC7-8ABC-4003-B79E-E94F8182A108} = {92CF1E70-2ED0-45F1-AA47-43D867F446A2}
		{EA657E1B-B42F-49C1-BC4A-87AF92A1A85A} = {92CF1E70-2ED0-45F1-AA47-43D867F446A2}
		{523AFD60-5E18-4265-908A-FD08D84A9DAA} = {BDEFB425-92EE-4F0F-B94B-E9B0E86584B5}
		{A1AE7DA0-E4B5-4F56-AE7F-B82FA7FA7CB0} = {BDD6A8AD-9E3B-4569-B22A-C3E790B30106}
		{895F61DE-6B77-4F1C-9D40-3C20FA7E20F2} = {BDD6A8AD-9E3B-4569-B22A-C3E790B30106}
		{407FA2E5-C2A5-483E-8D4F-D2A5342F769F} = {08EF9135-9E75-49BC-8F21-E8F68B2321AC}
		{63D32C3B-069D-4EF3-9EA0-76E7FF95F0D1} = {08EF9135-9E75-49BC-8F21-E8F68B2321AC}
	EndGlobalSection
	GlobalSection(ExtensibilityGlobals) = postSolution
		SolutionGuid = {3FADE195-1DCC-4541-8745-2F3CD172D4F1}
	EndGlobalSection
EndGlobal
